// !$*UTF8*$!
{
	archiveVersion = 1;
	classes = {
	};
	objectVersion = 56;
	objects = {

/* Begin PBXBuildFile section */
		D41AC46F2C33DCFE002A0D34 /* AppDelegate.swift in Sources */ = {isa = PBXBuildFile; fileRef = D41AC46E2C33DCFE002A0D34 /* AppDelegate.swift */; };
		D41AC4712C33DCFE002A0D34 /* SceneDelegate.swift in Sources */ = {isa = PBXBuildFile; fileRef = D41AC4702C33DCFE002A0D34 /* SceneDelegate.swift */; };
		D41AC4732C33DCFE002A0D34 /* HomeViewController.swift in Sources */ = {isa = PBXBuildFile; fileRef = D41AC4722C33DCFE002A0D34 /* HomeViewController.swift */; };
		D41AC4782C33DD00002A0D34 /* Assets.xcassets in Resources */ = {isa = PBXBuildFile; fileRef = D41AC4772C33DD00002A0D34 /* Assets.xcassets */; };
		D41AC47B2C33DD00002A0D34 /* Base in Resources */ = {isa = PBXBuildFile; fileRef = D41AC47A2C33DD00002A0D34 /* Base */; };
		D41AC4842C33DD78002A0D34 /* RealmSwift in Frameworks */ = {isa = PBXBuildFile; productRef = D41AC4832C33DD78002A0D34 /* RealmSwift */; };
		D41AC4872C33DD84002A0D34 /* SnapKit in Frameworks */ = {isa = PBXBuildFile; productRef = D41AC4862C33DD84002A0D34 /* SnapKit */; };
		D41AC48A2C33DDA4002A0D34 /* BaseViewController.swift in Sources */ = {isa = PBXBuildFile; fileRef = D41AC4892C33DDA4002A0D34 /* BaseViewController.swift */; };
		D41AC48C2C33DDC0002A0D34 /* BaseTableViewCell.swift in Sources */ = {isa = PBXBuildFile; fileRef = D41AC48B2C33DDC0002A0D34 /* BaseTableViewCell.swift */; };
		D41AC48F2C33DE48002A0D34 /* TodoModel.swift in Sources */ = {isa = PBXBuildFile; fileRef = D41AC48E2C33DE48002A0D34 /* TodoModel.swift */; };
		D41AC4912C3417B1002A0D34 /* ReminderListViewController.swift in Sources */ = {isa = PBXBuildFile; fileRef = D41AC4902C3417B1002A0D34 /* ReminderListViewController.swift */; };
		D41AC4932C3417E3002A0D34 /* AddNewViewController.swift in Sources */ = {isa = PBXBuildFile; fileRef = D41AC4922C3417E3002A0D34 /* AddNewViewController.swift */; };
		D41AC4982C341872002A0D34 /* ReminderTableViewCell.swift in Sources */ = {isa = PBXBuildFile; fileRef = D41AC4972C341872002A0D34 /* ReminderTableViewCell.swift */; };
		D41AC49A2C3418A7002A0D34 /* HomeCollectionViewCell.swift in Sources */ = {isa = PBXBuildFile; fileRef = D41AC4992C3418A7002A0D34 /* HomeCollectionViewCell.swift */; };
		D41AC49C2C341AD5002A0D34 /* AddNewTableViewCell.swift in Sources */ = {isa = PBXBuildFile; fileRef = D41AC49B2C341AD5002A0D34 /* AddNewTableViewCell.swift */; };
		D41AC49E2C341AFA002A0D34 /* BaseCollectionViewCell.swift in Sources */ = {isa = PBXBuildFile; fileRef = D41AC49D2C341AFA002A0D34 /* BaseCollectionViewCell.swift */; };
		D41AC4A02C341B66002A0D34 /* TitleMemoTableViewCell.swift in Sources */ = {isa = PBXBuildFile; fileRef = D41AC49F2C341B66002A0D34 /* TitleMemoTableViewCell.swift */; };
		D41AC4A32C341F81002A0D34 /* UIImage+Ex.swift in Sources */ = {isa = PBXBuildFile; fileRef = D41AC4A22C341F81002A0D34 /* UIImage+Ex.swift */; };
		D41AC4A52C341FB1002A0D34 /* id.swift in Sources */ = {isa = PBXBuildFile; fileRef = D41AC4A42C341FB1002A0D34 /* id.swift */; };
		D41AC4AD2C3580AC002A0D34 /* DueDateViewController.swift in Sources */ = {isa = PBXBuildFile; fileRef = D41AC4AC2C3580AC002A0D34 /* DueDateViewController.swift */; };
		D41AC4AF2C3580F2002A0D34 /* TagViewController.swift in Sources */ = {isa = PBXBuildFile; fileRef = D41AC4AE2C3580F2002A0D34 /* TagViewController.swift */; };
		D41AC4B12C358102002A0D34 /* PriorityViewController.swift in Sources */ = {isa = PBXBuildFile; fileRef = D41AC4B02C358102002A0D34 /* PriorityViewController.swift */; };
		D41AC4B52C35A435002A0D34 /* Date+Ex.swift in Sources */ = {isa = PBXBuildFile; fileRef = D41AC4B42C35A435002A0D34 /* Date+Ex.swift */; };
		D42746332C3775200014FB1F /* RealmSwift in Embed Frameworks */ = {isa = PBXBuildFile; productRef = D41AC4832C33DD78002A0D34 /* RealmSwift */; settings = {ATTRIBUTES = (CodeSignOnCopy, ); }; };
		D42746362C3792030014FB1F /* HideKeyboard.swift in Sources */ = {isa = PBXBuildFile; fileRef = D42746352C3792030014FB1F /* HideKeyboard.swift */; };
		D42746382C391A790014FB1F /* String+Ex.swift in Sources */ = {isa = PBXBuildFile; fileRef = D42746372C391A790014FB1F /* String+Ex.swift */; };
		D427463A2C3985CB0014FB1F /* FileManager+Ex.swift in Sources */ = {isa = PBXBuildFile; fileRef = D42746392C3985CB0014FB1F /* FileManager+Ex.swift */; };
		D427463C2C3990160014FB1F /* UILabel+Ex.swift in Sources */ = {isa = PBXBuildFile; fileRef = D427463B2C3990160014FB1F /* UILabel+Ex.swift */; };
		D427463F2C3A60C30014FB1F /* FSCalendar in Frameworks */ = {isa = PBXBuildFile; productRef = D427463E2C3A60C30014FB1F /* FSCalendar */; };
		D42746582C3C2F5B0014FB1F /* FolderRepository.swift in Sources */ = {isa = PBXBuildFile; fileRef = D42746572C3C2F5B0014FB1F /* FolderRepository.swift */; };
		D427465A2C3C354D0014FB1F /* AddNewFolderViewController.swift in Sources */ = {isa = PBXBuildFile; fileRef = D42746592C3C354D0014FB1F /* AddNewFolderViewController.swift */; };
		D427465D2C3C3BEC0014FB1F /* FolderViewController.swift in Sources */ = {isa = PBXBuildFile; fileRef = D427465C2C3C3BEC0014FB1F /* FolderViewController.swift */; };
		D42746692C3D500A0014FB1F /* Observable.swift in Sources */ = {isa = PBXBuildFile; fileRef = D42746682C3D500A0014FB1F /* Observable.swift */; };
		D427466B2C3D51580014FB1F /* DueDateViewModel.swift in Sources */ = {isa = PBXBuildFile; fileRef = D427466A2C3D51580014FB1F /* DueDateViewModel.swift */; };
		D48770FD2C3681A40053BAF0 /* TodoRepository.swift in Sources */ = {isa = PBXBuildFile; fileRef = D48770FC2C3681A40053BAF0 /* TodoRepository.swift */; };
		D48771002C3682D60053BAF0 /* DetailViewController.swift in Sources */ = {isa = PBXBuildFile; fileRef = D48770FF2C3682D60053BAF0 /* DetailViewController.swift */; };
/* End PBXBuildFile section */

/* Begin PBXCopyFilesBuildPhase section */
		D42746342C3775200014FB1F /* Embed Frameworks */ = {
			isa = PBXCopyFilesBuildPhase;
			buildActionMask = 2147483647;
			dstPath = "";
			dstSubfolderSpec = 10;
			files = (
				D42746332C3775200014FB1F /* RealmSwift in Embed Frameworks */,
			);
			name = "Embed Frameworks";
			runOnlyForDeploymentPostprocessing = 0;
		};
/* End PBXCopyFilesBuildPhase section */

/* Begin PBXFileReference section */
		D41AC46B2C33DCFE002A0D34 /* Todos.app */ = {isa = PBXFileReference; explicitFileType = wrapper.application; includeInIndex = 0; path = Todos.app; sourceTree = BUILT_PRODUCTS_DIR; };
		D41AC46E2C33DCFE002A0D34 /* AppDelegate.swift */ = {isa = PBXFileReference; lastKnownFileType = sourcecode.swift; path = AppDelegate.swift; sourceTree = "<group>"; };
		D41AC4702C33DCFE002A0D34 /* SceneDelegate.swift */ = {isa = PBXFileReference; lastKnownFileType = sourcecode.swift; path = SceneDelegate.swift; sourceTree = "<group>"; };
		D41AC4722C33DCFE002A0D34 /* HomeViewController.swift */ = {isa = PBXFileReference; lastKnownFileType = sourcecode.swift; path = HomeViewController.swift; sourceTree = "<group>"; };
		D41AC4772C33DD00002A0D34 /* Assets.xcassets */ = {isa = PBXFileReference; lastKnownFileType = folder.assetcatalog; path = Assets.xcassets; sourceTree = "<group>"; };
		D41AC47A2C33DD00002A0D34 /* Base */ = {isa = PBXFileReference; lastKnownFileType = file.storyboard; name = Base; path = Base.lproj/LaunchScreen.storyboard; sourceTree = "<group>"; };
		D41AC47C2C33DD00002A0D34 /* Info.plist */ = {isa = PBXFileReference; lastKnownFileType = text.plist.xml; path = Info.plist; sourceTree = "<group>"; };
		D41AC4892C33DDA4002A0D34 /* BaseViewController.swift */ = {isa = PBXFileReference; lastKnownFileType = sourcecode.swift; path = BaseViewController.swift; sourceTree = "<group>"; };
		D41AC48B2C33DDC0002A0D34 /* BaseTableViewCell.swift */ = {isa = PBXFileReference; lastKnownFileType = sourcecode.swift; path = BaseTableViewCell.swift; sourceTree = "<group>"; };
		D41AC48E2C33DE48002A0D34 /* TodoModel.swift */ = {isa = PBXFileReference; lastKnownFileType = sourcecode.swift; path = TodoModel.swift; sourceTree = "<group>"; };
		D41AC4902C3417B1002A0D34 /* ReminderListViewController.swift */ = {isa = PBXFileReference; lastKnownFileType = sourcecode.swift; path = ReminderListViewController.swift; sourceTree = "<group>"; };
		D41AC4922C3417E3002A0D34 /* AddNewViewController.swift */ = {isa = PBXFileReference; lastKnownFileType = sourcecode.swift; path = AddNewViewController.swift; sourceTree = "<group>"; };
		D41AC4972C341872002A0D34 /* ReminderTableViewCell.swift */ = {isa = PBXFileReference; lastKnownFileType = sourcecode.swift; path = ReminderTableViewCell.swift; sourceTree = "<group>"; };
		D41AC4992C3418A7002A0D34 /* HomeCollectionViewCell.swift */ = {isa = PBXFileReference; lastKnownFileType = sourcecode.swift; path = HomeCollectionViewCell.swift; sourceTree = "<group>"; };
		D41AC49B2C341AD5002A0D34 /* AddNewTableViewCell.swift */ = {isa = PBXFileReference; lastKnownFileType = sourcecode.swift; path = AddNewTableViewCell.swift; sourceTree = "<group>"; };
		D41AC49D2C341AFA002A0D34 /* BaseCollectionViewCell.swift */ = {isa = PBXFileReference; lastKnownFileType = sourcecode.swift; path = BaseCollectionViewCell.swift; sourceTree = "<group>"; };
		D41AC49F2C341B66002A0D34 /* TitleMemoTableViewCell.swift */ = {isa = PBXFileReference; lastKnownFileType = sourcecode.swift; path = TitleMemoTableViewCell.swift; sourceTree = "<group>"; };
		D41AC4A22C341F81002A0D34 /* UIImage+Ex.swift */ = {isa = PBXFileReference; lastKnownFileType = sourcecode.swift; path = "UIImage+Ex.swift"; sourceTree = "<group>"; };
		D41AC4A42C341FB1002A0D34 /* id.swift */ = {isa = PBXFileReference; lastKnownFileType = sourcecode.swift; path = id.swift; sourceTree = "<group>"; };
		D41AC4AC2C3580AC002A0D34 /* DueDateViewController.swift */ = {isa = PBXFileReference; lastKnownFileType = sourcecode.swift; path = DueDateViewController.swift; sourceTree = "<group>"; };
		D41AC4AE2C3580F2002A0D34 /* TagViewController.swift */ = {isa = PBXFileReference; lastKnownFileType = sourcecode.swift; path = TagViewController.swift; sourceTree = "<group>"; };
		D41AC4B02C358102002A0D34 /* PriorityViewController.swift */ = {isa = PBXFileReference; lastKnownFileType = sourcecode.swift; path = PriorityViewController.swift; sourceTree = "<group>"; };
		D41AC4B42C35A435002A0D34 /* Date+Ex.swift */ = {isa = PBXFileReference; lastKnownFileType = sourcecode.swift; path = "Date+Ex.swift"; sourceTree = "<group>"; };
		D42746352C3792030014FB1F /* HideKeyboard.swift */ = {isa = PBXFileReference; lastKnownFileType = sourcecode.swift; path = HideKeyboard.swift; sourceTree = "<group>"; };
		D42746372C391A790014FB1F /* String+Ex.swift */ = {isa = PBXFileReference; lastKnownFileType = sourcecode.swift; path = "String+Ex.swift"; sourceTree = "<group>"; };
		D42746392C3985CB0014FB1F /* FileManager+Ex.swift */ = {isa = PBXFileReference; lastKnownFileType = sourcecode.swift; path = "FileManager+Ex.swift"; sourceTree = "<group>"; };
		D427463B2C3990160014FB1F /* UILabel+Ex.swift */ = {isa = PBXFileReference; lastKnownFileType = sourcecode.swift; path = "UILabel+Ex.swift"; sourceTree = "<group>"; };
		D42746572C3C2F5B0014FB1F /* FolderRepository.swift */ = {isa = PBXFileReference; lastKnownFileType = sourcecode.swift; path = FolderRepository.swift; sourceTree = "<group>"; };
		D42746592C3C354D0014FB1F /* AddNewFolderViewController.swift */ = {isa = PBXFileReference; lastKnownFileType = sourcecode.swift; path = AddNewFolderViewController.swift; sourceTree = "<group>"; };
		D427465C2C3C3BEC0014FB1F /* FolderViewController.swift */ = {isa = PBXFileReference; lastKnownFileType = sourcecode.swift; path = FolderViewController.swift; sourceTree = "<group>"; };
		D42746682C3D500A0014FB1F /* Observable.swift */ = {isa = PBXFileReference; lastKnownFileType = sourcecode.swift; path = Observable.swift; sourceTree = "<group>"; };
		D427466A2C3D51580014FB1F /* DueDateViewModel.swift */ = {isa = PBXFileReference; lastKnownFileType = sourcecode.swift; path = DueDateViewModel.swift; sourceTree = "<group>"; };
		D48770FC2C3681A40053BAF0 /* TodoRepository.swift */ = {isa = PBXFileReference; lastKnownFileType = sourcecode.swift; path = TodoRepository.swift; sourceTree = "<group>"; };
		D48770FF2C3682D60053BAF0 /* DetailViewController.swift */ = {isa = PBXFileReference; lastKnownFileType = sourcecode.swift; path = DetailViewController.swift; sourceTree = "<group>"; };
/* End PBXFileReference section */

/* Begin PBXFrameworksBuildPhase section */
		D41AC4682C33DCFE002A0D34 /* Frameworks */ = {
			isa = PBXFrameworksBuildPhase;
			buildActionMask = 2147483647;
			files = (
				D41AC4842C33DD78002A0D34 /* RealmSwift in Frameworks */,
				D427463F2C3A60C30014FB1F /* FSCalendar in Frameworks */,
				D41AC4872C33DD84002A0D34 /* SnapKit in Frameworks */,
			);
			runOnlyForDeploymentPostprocessing = 0;
		};
/* End PBXFrameworksBuildPhase section */

/* Begin PBXGroup section */
		D41AC4622C33DCFE002A0D34 = {
			isa = PBXGroup;
			children = (
				D41AC46D2C33DCFE002A0D34 /* Todos */,
				D41AC46C2C33DCFE002A0D34 /* Products */,
			);
			sourceTree = "<group>";
		};
		D41AC46C2C33DCFE002A0D34 /* Products */ = {
			isa = PBXGroup;
			children = (
				D41AC46B2C33DCFE002A0D34 /* Todos.app */,
			);
			name = Products;
			sourceTree = "<group>";
		};
		D41AC46D2C33DCFE002A0D34 /* Todos */ = {
			isa = PBXGroup;
			children = (
				D41AC46E2C33DCFE002A0D34 /* AppDelegate.swift */,
				D41AC4702C33DCFE002A0D34 /* SceneDelegate.swift */,
				D42746682C3D500A0014FB1F /* Observable.swift */,
				D41AC48D2C33DE3F002A0D34 /* Model */,
				D41AC4962C34183B002A0D34 /* Home */,
				D427465B2C3C3BD70014FB1F /* Folder */,
				D41AC4952C34183A002A0D34 /* Register */,
				D41AC4AB2C358096002A0D34 /* Attributes */,
				D41AC4942C341838002A0D34 /* List */,
				D48770FE2C3682C30053BAF0 /* Detail */,
				D41AC4882C33DD99002A0D34 /* Base */,
				D41AC4A12C341F74002A0D34 /* Extensions */,
				D41AC4772C33DD00002A0D34 /* Assets.xcassets */,
				D41AC4792C33DD00002A0D34 /* LaunchScreen.storyboard */,
				D41AC47C2C33DD00002A0D34 /* Info.plist */,
			);
			path = Todos;
			sourceTree = "<group>";
		};
		D41AC4882C33DD99002A0D34 /* Base */ = {
			isa = PBXGroup;
			children = (
				D41AC4892C33DDA4002A0D34 /* BaseViewController.swift */,
				D41AC48B2C33DDC0002A0D34 /* BaseTableViewCell.swift */,
				D41AC49D2C341AFA002A0D34 /* BaseCollectionViewCell.swift */,
			);
			path = Base;
			sourceTree = "<group>";
		};
		D41AC48D2C33DE3F002A0D34 /* Model */ = {
			isa = PBXGroup;
			children = (
				D41AC48E2C33DE48002A0D34 /* TodoModel.swift */,
				D48770FC2C3681A40053BAF0 /* TodoRepository.swift */,
				D42746572C3C2F5B0014FB1F /* FolderRepository.swift */,
			);
			path = Model;
			sourceTree = "<group>";
		};
		D41AC4942C341838002A0D34 /* List */ = {
			isa = PBXGroup;
			children = (
				D41AC4902C3417B1002A0D34 /* ReminderListViewController.swift */,
				D41AC4972C341872002A0D34 /* ReminderTableViewCell.swift */,
			);
			path = List;
			sourceTree = "<group>";
		};
		D41AC4952C34183A002A0D34 /* Register */ = {
			isa = PBXGroup;
			children = (
				D41AC4922C3417E3002A0D34 /* AddNewViewController.swift */,
				D41AC49F2C341B66002A0D34 /* TitleMemoTableViewCell.swift */,
				D41AC49B2C341AD5002A0D34 /* AddNewTableViewCell.swift */,
			);
			path = Register;
			sourceTree = "<group>";
		};
		D41AC4962C34183B002A0D34 /* Home */ = {
			isa = PBXGroup;
			children = (
				D41AC4722C33DCFE002A0D34 /* HomeViewController.swift */,
				D41AC4992C3418A7002A0D34 /* HomeCollectionViewCell.swift */,
				D42746592C3C354D0014FB1F /* AddNewFolderViewController.swift */,
			);
			path = Home;
			sourceTree = "<group>";
		};
		D41AC4A12C341F74002A0D34 /* Extensions */ = {
			isa = PBXGroup;
			children = (
				D42746392C3985CB0014FB1F /* FileManager+Ex.swift */,
				D41AC4A22C341F81002A0D34 /* UIImage+Ex.swift */,
				D427463B2C3990160014FB1F /* UILabel+Ex.swift */,
				D42746372C391A790014FB1F /* String+Ex.swift */,
				D41AC4B42C35A435002A0D34 /* Date+Ex.swift */,
				D42746352C3792030014FB1F /* HideKeyboard.swift */,
				D41AC4A42C341FB1002A0D34 /* id.swift */,
			);
			path = Extensions;
			sourceTree = "<group>";
		};
		D41AC4AB2C358096002A0D34 /* Attributes */ = {
			isa = PBXGroup;
			children = (
				D41AC4AC2C3580AC002A0D34 /* DueDateViewController.swift */,
				D41AC4AE2C3580F2002A0D34 /* TagViewController.swift */,
				D41AC4B02C358102002A0D34 /* PriorityViewController.swift */,
				D427466A2C3D51580014FB1F /* DueDateViewModel.swift */,
			);
			path = Attributes;
			sourceTree = "<group>";
		};
		D427465B2C3C3BD70014FB1F /* Folder */ = {
			isa = PBXGroup;
			children = (
				D427465C2C3C3BEC0014FB1F /* FolderViewController.swift */,
			);
			path = Folder;
			sourceTree = "<group>";
		};
		D48770FE2C3682C30053BAF0 /* Detail */ = {
			isa = PBXGroup;
			children = (
				D48770FF2C3682D60053BAF0 /* DetailViewController.swift */,
			);
			path = Detail;
			sourceTree = "<group>";
		};
/* End PBXGroup section */

/* Begin PBXNativeTarget section */
		D41AC46A2C33DCFE002A0D34 /* Todos */ = {
			isa = PBXNativeTarget;
			buildConfigurationList = D41AC47F2C33DD00002A0D34 /* Build configuration list for PBXNativeTarget "Todos" */;
			buildPhases = (
				D41AC4672C33DCFE002A0D34 /* Sources */,
				D41AC4682C33DCFE002A0D34 /* Frameworks */,
				D41AC4692C33DCFE002A0D34 /* Resources */,
				D42746342C3775200014FB1F /* Embed Frameworks */,
			);
			buildRules = (
			);
			dependencies = (
			);
			name = Todos;
			packageProductDependencies = (
				D41AC4832C33DD78002A0D34 /* RealmSwift */,
				D41AC4862C33DD84002A0D34 /* SnapKit */,
				D427463E2C3A60C30014FB1F /* FSCalendar */,
			);
			productName = Todos;
			productReference = D41AC46B2C33DCFE002A0D34 /* Todos.app */;
			productType = "com.apple.product-type.application";
		};
/* End PBXNativeTarget section */

/* Begin PBXProject section */
		D41AC4632C33DCFE002A0D34 /* Project object */ = {
			isa = PBXProject;
			attributes = {
				BuildIndependentTargetsInParallel = 1;
				LastSwiftUpdateCheck = 1540;
				LastUpgradeCheck = 1540;
				TargetAttributes = {
					D41AC46A2C33DCFE002A0D34 = {
						CreatedOnToolsVersion = 15.4;
					};
				};
			};
			buildConfigurationList = D41AC4662C33DCFE002A0D34 /* Build configuration list for PBXProject "Todos" */;
			compatibilityVersion = "Xcode 14.0";
			developmentRegion = en;
			hasScannedForEncodings = 0;
			knownRegions = (
				en,
				Base,
			);
			mainGroup = D41AC4622C33DCFE002A0D34;
			packageReferences = (
				D41AC4822C33DD78002A0D34 /* XCRemoteSwiftPackageReference "realm-swift" */,
				D41AC4852C33DD84002A0D34 /* XCRemoteSwiftPackageReference "SnapKit" */,
				D427463D2C3A60C20014FB1F /* XCRemoteSwiftPackageReference "FSCalendar" */,
			);
			productRefGroup = D41AC46C2C33DCFE002A0D34 /* Products */;
			projectDirPath = "";
			projectRoot = "";
			targets = (
				D41AC46A2C33DCFE002A0D34 /* Todos */,
			);
		};
/* End PBXProject section */

/* Begin PBXResourcesBuildPhase section */
		D41AC4692C33DCFE002A0D34 /* Resources */ = {
			isa = PBXResourcesBuildPhase;
			buildActionMask = 2147483647;
			files = (
				D41AC4782C33DD00002A0D34 /* Assets.xcassets in Resources */,
				D41AC47B2C33DD00002A0D34 /* Base in Resources */,
			);
			runOnlyForDeploymentPostprocessing = 0;
		};
/* End PBXResourcesBuildPhase section */

/* Begin PBXSourcesBuildPhase section */
		D41AC4672C33DCFE002A0D34 /* Sources */ = {
			isa = PBXSourcesBuildPhase;
			buildActionMask = 2147483647;
			files = (
				D41AC4A32C341F81002A0D34 /* UIImage+Ex.swift in Sources */,
				D41AC4AD2C3580AC002A0D34 /* DueDateViewController.swift in Sources */,
				D41AC4732C33DCFE002A0D34 /* HomeViewController.swift in Sources */,
				D41AC4AF2C3580F2002A0D34 /* TagViewController.swift in Sources */,
				D41AC4912C3417B1002A0D34 /* ReminderListViewController.swift in Sources */,
				D41AC48A2C33DDA4002A0D34 /* BaseViewController.swift in Sources */,
				D41AC46F2C33DCFE002A0D34 /* AppDelegate.swift in Sources */,
				D427466B2C3D51580014FB1F /* DueDateViewModel.swift in Sources */,
				D42746362C3792030014FB1F /* HideKeyboard.swift in Sources */,
				D427465D2C3C3BEC0014FB1F /* FolderViewController.swift in Sources */,
				D41AC4982C341872002A0D34 /* ReminderTableViewCell.swift in Sources */,
				D42746382C391A790014FB1F /* String+Ex.swift in Sources */,
				D41AC49E2C341AFA002A0D34 /* BaseCollectionViewCell.swift in Sources */,
				D48770FD2C3681A40053BAF0 /* TodoRepository.swift in Sources */,
				D41AC4A52C341FB1002A0D34 /* id.swift in Sources */,
				D427463A2C3985CB0014FB1F /* FileManager+Ex.swift in Sources */,
				D427465A2C3C354D0014FB1F /* AddNewFolderViewController.swift in Sources */,
				D48771002C3682D60053BAF0 /* DetailViewController.swift in Sources */,
				D41AC4A02C341B66002A0D34 /* TitleMemoTableViewCell.swift in Sources */,
				D427463C2C3990160014FB1F /* UILabel+Ex.swift in Sources */,
				D41AC49A2C3418A7002A0D34 /* HomeCollectionViewCell.swift in Sources */,
				D41AC48F2C33DE48002A0D34 /* TodoModel.swift in Sources */,
				D42746582C3C2F5B0014FB1F /* FolderRepository.swift in Sources */,
				D41AC4B52C35A435002A0D34 /* Date+Ex.swift in Sources */,
				D41AC49C2C341AD5002A0D34 /* AddNewTableViewCell.swift in Sources */,
				D42746692C3D500A0014FB1F /* Observable.swift in Sources */,
				D41AC4B12C358102002A0D34 /* PriorityViewController.swift in Sources */,
				D41AC48C2C33DDC0002A0D34 /* BaseTableViewCell.swift in Sources */,
				D41AC4712C33DCFE002A0D34 /* SceneDelegate.swift in Sources */,
				D41AC4932C3417E3002A0D34 /* AddNewViewController.swift in Sources */,
			);
			runOnlyForDeploymentPostprocessing = 0;
		};
/* End PBXSourcesBuildPhase section */

/* Begin PBXVariantGroup section */
		D41AC4792C33DD00002A0D34 /* LaunchScreen.storyboard */ = {
			isa = PBXVariantGroup;
			children = (
				D41AC47A2C33DD00002A0D34 /* Base */,
			);
			name = LaunchScreen.storyboard;
			sourceTree = "<group>";
		};
/* End PBXVariantGroup section */

/* Begin XCBuildConfiguration section */
		D41AC47D2C33DD00002A0D34 /* Debug */ = {
			isa = XCBuildConfiguration;
			buildSettings = {
				ALWAYS_SEARCH_USER_PATHS = NO;
				ASSETCATALOG_COMPILER_GENERATE_SWIFT_ASSET_SYMBOL_EXTENSIONS = YES;
				CLANG_ANALYZER_NONNULL = YES;
				CLANG_ANALYZER_NUMBER_OBJECT_CONVERSION = YES_AGGRESSIVE;
				CLANG_CXX_LANGUAGE_STANDARD = "gnu++20";
				CLANG_ENABLE_MODULES = YES;
				CLANG_ENABLE_OBJC_ARC = YES;
				CLANG_ENABLE_OBJC_WEAK = YES;
				CLANG_WARN_BLOCK_CAPTURE_AUTORELEASING = YES;
				CLANG_WARN_BOOL_CONVERSION = YES;
				CLANG_WARN_COMMA = YES;
				CLANG_WARN_CONSTANT_CONVERSION = YES;
				CLANG_WARN_DEPRECATED_OBJC_IMPLEMENTATIONS = YES;
				CLANG_WARN_DIRECT_OBJC_ISA_USAGE = YES_ERROR;
				CLANG_WARN_DOCUMENTATION_COMMENTS = YES;
				CLANG_WARN_EMPTY_BODY = YES;
				CLANG_WARN_ENUM_CONVERSION = YES;
				CLANG_WARN_INFINITE_RECURSION = YES;
				CLANG_WARN_INT_CONVERSION = YES;
				CLANG_WARN_NON_LITERAL_NULL_CONVERSION = YES;
				CLANG_WARN_OBJC_IMPLICIT_RETAIN_SELF = YES;
				CLANG_WARN_OBJC_LITERAL_CONVERSION = YES;
				CLANG_WARN_OBJC_ROOT_CLASS = YES_ERROR;
				CLANG_WARN_QUOTED_INCLUDE_IN_FRAMEWORK_HEADER = YES;
				CLANG_WARN_RANGE_LOOP_ANALYSIS = YES;
				CLANG_WARN_STRICT_PROTOTYPES = YES;
				CLANG_WARN_SUSPICIOUS_MOVE = YES;
				CLANG_WARN_UNGUARDED_AVAILABILITY = YES_AGGRESSIVE;
				CLANG_WARN_UNREACHABLE_CODE = YES;
				CLANG_WARN__DUPLICATE_METHOD_MATCH = YES;
				COPY_PHASE_STRIP = NO;
				DEBUG_INFORMATION_FORMAT = dwarf;
				ENABLE_STRICT_OBJC_MSGSEND = YES;
				ENABLE_TESTABILITY = YES;
				ENABLE_USER_SCRIPT_SANDBOXING = YES;
				GCC_C_LANGUAGE_STANDARD = gnu17;
				GCC_DYNAMIC_NO_PIC = NO;
				GCC_NO_COMMON_BLOCKS = YES;
				GCC_OPTIMIZATION_LEVEL = 0;
				GCC_PREPROCESSOR_DEFINITIONS = (
					"DEBUG=1",
					"$(inherited)",
				);
				GCC_WARN_64_TO_32_BIT_CONVERSION = YES;
				GCC_WARN_ABOUT_RETURN_TYPE = YES_ERROR;
				GCC_WARN_UNDECLARED_SELECTOR = YES;
				GCC_WARN_UNINITIALIZED_AUTOS = YES_AGGRESSIVE;
				GCC_WARN_UNUSED_FUNCTION = YES;
				GCC_WARN_UNUSED_VARIABLE = YES;
				IPHONEOS_DEPLOYMENT_TARGET = 17.5;
				LOCALIZATION_PREFERS_STRING_CATALOGS = YES;
				MTL_ENABLE_DEBUG_INFO = INCLUDE_SOURCE;
				MTL_FAST_MATH = YES;
				ONLY_ACTIVE_ARCH = YES;
				SDKROOT = iphoneos;
				SWIFT_ACTIVE_COMPILATION_CONDITIONS = "DEBUG $(inherited)";
				SWIFT_OPTIMIZATION_LEVEL = "-Onone";
			};
			name = Debug;
		};
		D41AC47E2C33DD00002A0D34 /* Release */ = {
			isa = XCBuildConfiguration;
			buildSettings = {
				ALWAYS_SEARCH_USER_PATHS = NO;
				ASSETCATALOG_COMPILER_GENERATE_SWIFT_ASSET_SYMBOL_EXTENSIONS = YES;
				CLANG_ANALYZER_NONNULL = YES;
				CLANG_ANALYZER_NUMBER_OBJECT_CONVERSION = YES_AGGRESSIVE;
				CLANG_CXX_LANGUAGE_STANDARD = "gnu++20";
				CLANG_ENABLE_MODULES = YES;
				CLANG_ENABLE_OBJC_ARC = YES;
				CLANG_ENABLE_OBJC_WEAK = YES;
				CLANG_WARN_BLOCK_CAPTURE_AUTORELEASING = YES;
				CLANG_WARN_BOOL_CONVERSION = YES;
				CLANG_WARN_COMMA = YES;
				CLANG_WARN_CONSTANT_CONVERSION = YES;
				CLANG_WARN_DEPRECATED_OBJC_IMPLEMENTATIONS = YES;
				CLANG_WARN_DIRECT_OBJC_ISA_USAGE = YES_ERROR;
				CLANG_WARN_DOCUMENTATION_COMMENTS = YES;
				CLANG_WARN_EMPTY_BODY = YES;
				CLANG_WARN_ENUM_CONVERSION = YES;
				CLANG_WARN_INFINITE_RECURSION = YES;
				CLANG_WARN_INT_CONVERSION = YES;
				CLANG_WARN_NON_LITERAL_NULL_CONVERSION = YES;
				CLANG_WARN_OBJC_IMPLICIT_RETAIN_SELF = YES;
				CLANG_WARN_OBJC_LITERAL_CONVERSION = YES;
				CLANG_WARN_OBJC_ROOT_CLASS = YES_ERROR;
				CLANG_WARN_QUOTED_INCLUDE_IN_FRAMEWORK_HEADER = YES;
				CLANG_WARN_RANGE_LOOP_ANALYSIS = YES;
				CLANG_WARN_STRICT_PROTOTYPES = YES;
				CLANG_WARN_SUSPICIOUS_MOVE = YES;
				CLANG_WARN_UNGUARDED_AVAILABILITY = YES_AGGRESSIVE;
				CLANG_WARN_UNREACHABLE_CODE = YES;
				CLANG_WARN__DUPLICATE_METHOD_MATCH = YES;
				COPY_PHASE_STRIP = NO;
				DEBUG_INFORMATION_FORMAT = "dwarf-with-dsym";
				ENABLE_NS_ASSERTIONS = NO;
				ENABLE_STRICT_OBJC_MSGSEND = YES;
				ENABLE_USER_SCRIPT_SANDBOXING = YES;
				GCC_C_LANGUAGE_STANDARD = gnu17;
				GCC_NO_COMMON_BLOCKS = YES;
				GCC_WARN_64_TO_32_BIT_CONVERSION = YES;
				GCC_WARN_ABOUT_RETURN_TYPE = YES_ERROR;
				GCC_WARN_UNDECLARED_SELECTOR = YES;
				GCC_WARN_UNINITIALIZED_AUTOS = YES_AGGRESSIVE;
				GCC_WARN_UNUSED_FUNCTION = YES;
				GCC_WARN_UNUSED_VARIABLE = YES;
				IPHONEOS_DEPLOYMENT_TARGET = 17.5;
				LOCALIZATION_PREFERS_STRING_CATALOGS = YES;
				MTL_ENABLE_DEBUG_INFO = NO;
				MTL_FAST_MATH = YES;
				SDKROOT = iphoneos;
				SWIFT_COMPILATION_MODE = wholemodule;
				VALIDATE_PRODUCT = YES;
			};
			name = Release;
		};
		D41AC4802C33DD00002A0D34 /* Debug */ = {
			isa = XCBuildConfiguration;
			buildSettings = {
				ASSETCATALOG_COMPILER_APPICON_NAME = AppIcon;
				ASSETCATALOG_COMPILER_GLOBAL_ACCENT_COLOR_NAME = AccentColor;
				CODE_SIGN_STYLE = Automatic;
				CURRENT_PROJECT_VERSION = 1;
				DEVELOPMENT_TEAM = NWL6WKXWCJ;
				GENERATE_INFOPLIST_FILE = YES;
				INFOPLIST_FILE = Todos/Info.plist;
				INFOPLIST_KEY_UIApplicationSupportsIndirectInputEvents = YES;
				INFOPLIST_KEY_UILaunchStoryboardName = LaunchScreen;
				INFOPLIST_KEY_UISupportedInterfaceOrientations = UIInterfaceOrientationPortrait;
				INFOPLIST_KEY_UISupportedInterfaceOrientations_iPad = "UIInterfaceOrientationLandscapeLeft UIInterfaceOrientationLandscapeRight UIInterfaceOrientationPortrait UIInterfaceOrientationPortraitUpsideDown";
				IPHONEOS_DEPLOYMENT_TARGET = 15.0;
				LD_RUNPATH_SEARCH_PATHS = (
					"$(inherited)",
					"@executable_path/Frameworks",
				);
				MARKETING_VERSION = 1.0;
				PRODUCT_BUNDLE_IDENTIFIER = com.Ray.Todos;
				PRODUCT_NAME = "$(TARGET_NAME)";
				SUPPORTED_PLATFORMS = "iphoneos iphonesimulator";
				SUPPORTS_MACCATALYST = NO;
				SUPPORTS_MAC_DESIGNED_FOR_IPHONE_IPAD = NO;
				SUPPORTS_XR_DESIGNED_FOR_IPHONE_IPAD = NO;
				SWIFT_EMIT_LOC_STRINGS = YES;
				SWIFT_VERSION = 5.0;
				TARGETED_DEVICE_FAMILY = 1;
			};
			name = Debug;
		};
		D41AC4812C33DD00002A0D34 /* Release */ = {
			isa = XCBuildConfiguration;
			buildSettings = {
				ASSETCATALOG_COMPILER_APPICON_NAME = AppIcon;
				ASSETCATALOG_COMPILER_GLOBAL_ACCENT_COLOR_NAME = AccentColor;
				CODE_SIGN_STYLE = Automatic;
				CURRENT_PROJECT_VERSION = 1;
				DEVELOPMENT_TEAM = NWL6WKXWCJ;
				GENERATE_INFOPLIST_FILE = YES;
				INFOPLIST_FILE = Todos/Info.plist;
				INFOPLIST_KEY_UIApplicationSupportsIndirectInputEvents = YES;
				INFOPLIST_KEY_UILaunchStoryboardName = LaunchScreen;
				INFOPLIST_KEY_UISupportedInterfaceOrientations = UIInterfaceOrientationPortrait;
				INFOPLIST_KEY_UISupportedInterfaceOrientations_iPad = "UIInterfaceOrientationLandscapeLeft UIInterfaceOrientationLandscapeRight UIInterfaceOrientationPortrait UIInterfaceOrientationPortraitUpsideDown";
				IPHONEOS_DEPLOYMENT_TARGET = 15.0;
				LD_RUNPATH_SEARCH_PATHS = (
					"$(inherited)",
					"@executable_path/Frameworks",
				);
				MARKETING_VERSION = 1.0;
				PRODUCT_BUNDLE_IDENTIFIER = com.Ray.Todos;
				PRODUCT_NAME = "$(TARGET_NAME)";
				SUPPORTED_PLATFORMS = "iphoneos iphonesimulator";
				SUPPORTS_MACCATALYST = NO;
				SUPPORTS_MAC_DESIGNED_FOR_IPHONE_IPAD = NO;
				SUPPORTS_XR_DESIGNED_FOR_IPHONE_IPAD = NO;
				SWIFT_EMIT_LOC_STRINGS = YES;
				SWIFT_VERSION = 5.0;
				TARGETED_DEVICE_FAMILY = 1;
			};
			name = Release;
		};
/* End XCBuildConfiguration section */

/* Begin XCConfigurationList section */
		D41AC4662C33DCFE002A0D34 /* Build configuration list for PBXProject "Todos" */ = {
			isa = XCConfigurationList;
			buildConfigurations = (
				D41AC47D2C33DD00002A0D34 /* Debug */,
				D41AC47E2C33DD00002A0D34 /* Release */,
			);
			defaultConfigurationIsVisible = 0;
			defaultConfigurationName = Release;
		};
		D41AC47F2C33DD00002A0D34 /* Build configuration list for PBXNativeTarget "Todos" */ = {
			isa = XCConfigurationList;
			buildConfigurations = (
				D41AC4802C33DD00002A0D34 /* Debug */,
				D41AC4812C33DD00002A0D34 /* Release */,
			);
			defaultConfigurationIsVisible = 0;
			defaultConfigurationName = Release;
		};
/* End XCConfigurationList section */

/* Begin XCRemoteSwiftPackageReference section */
		D41AC4822C33DD78002A0D34 /* XCRemoteSwiftPackageReference "realm-swift" */ = {
			isa = XCRemoteSwiftPackageReference;
			repositoryURL = "https://github.com/realm/realm-swift.git";
			requirement = {
				branch = master;
				kind = branch;
			};
		};
		D41AC4852C33DD84002A0D34 /* XCRemoteSwiftPackageReference "SnapKit" */ = {
			isa = XCRemoteSwiftPackageReference;
			repositoryURL = "https://github.com/SnapKit/SnapKit.git";
			requirement = {
				kind = upToNextMajorVersion;
				minimumVersion = 5.7.1;
			};
		};
		D427463D2C3A60C20014FB1F /* XCRemoteSwiftPackageReference "FSCalendar" */ = {
			isa = XCRemoteSwiftPackageReference;
			repositoryURL = "https://github.com/WenchaoD/FSCalendar.git";
			requirement = {
				kind = upToNextMajorVersion;
				minimumVersion = 2.8.4;
			};
		};
/* End XCRemoteSwiftPackageReference section */

/* Begin XCSwiftPackageProductDependency section */
		D41AC4832C33DD78002A0D34 /* RealmSwift */ = {
			isa = XCSwiftPackageProductDependency;
			package = D41AC4822C33DD78002A0D34 /* XCRemoteSwiftPackageReference "realm-swift" */;
			productName = RealmSwift;
		};
		D41AC4862C33DD84002A0D34 /* SnapKit */ = {
			isa = XCSwiftPackageProductDependency;
			package = D41AC4852C33DD84002A0D34 /* XCRemoteSwiftPackageReference "SnapKit" */;
			productName = SnapKit;
		};
		D427463E2C3A60C30014FB1F /* FSCalendar */ = {
			isa = XCSwiftPackageProductDependency;
			package = D427463D2C3A60C20014FB1F /* XCRemoteSwiftPackageReference "FSCalendar" */;
			productName = FSCalendar;
		};
/* End XCSwiftPackageProductDependency section */
	};
	rootObject = D41AC4632C33DCFE002A0D34 /* Project object */;
}
